{
  "nodes": {
    "alpha-nvim-src": {
      "flake": false,
      "locked": {
        "lastModified": 1701205026,
        "narHash": "sha256-R0Sjkhzn1Rueptcxnu69UataPWAnZnbwqRXoEHIivo4=",
        "owner": "goolord",
        "repo": "alpha-nvim",
        "rev": "29074eeb869a6cbac9ce1fbbd04f5f5940311b32",
        "type": "github"
      },
      "original": {
        "owner": "goolord",
        "repo": "alpha-nvim",
        "type": "github"
      }
    },
    "flake-compat": {
      "flake": false,
      "locked": {
        "lastModified": 1696426674,
        "narHash": "sha256-kvjfFW7WAETZlt09AgDn1MrtKzP7t90Vf7vypd3OL1U=",
        "owner": "edolstra",
        "repo": "flake-compat",
        "rev": "0f9255e01c2351cc7d116c072cb317785dd33b33",
        "type": "github"
      },
      "original": {
        "owner": "edolstra",
        "repo": "flake-compat",
        "type": "github"
      }
    },
    "flake-parts": {
      "inputs": {
        "nixpkgs-lib": [
          "neovim-nightly-overlay",
          "nixpkgs"
        ]
      },
      "locked": {
        "lastModified": 1701473968,
        "narHash": "sha256-YcVE5emp1qQ8ieHUnxt1wCZCC3ZfAS+SRRWZ2TMda7E=",
        "owner": "hercules-ci",
        "repo": "flake-parts",
        "rev": "34fed993f1674c8d06d58b37ce1e0fe5eebcb9f5",
        "type": "github"
      },
      "original": {
        "owner": "hercules-ci",
        "repo": "flake-parts",
        "type": "github"
      }
    },
    "flake-parts_2": {
      "inputs": {
        "nixpkgs-lib": [
          "neovim-nightly-overlay",
          "hercules-ci-effects",
          "nixpkgs"
        ]
      },
      "locked": {
        "lastModified": 1696343447,
        "narHash": "sha256-B2xAZKLkkeRFG5XcHHSXXcP7To9Xzr59KXeZiRf4vdQ=",
        "owner": "hercules-ci",
        "repo": "flake-parts",
        "rev": "c9afaba3dfa4085dbd2ccb38dfade5141e33d9d4",
        "type": "github"
      },
      "original": {
        "id": "flake-parts",
        "type": "indirect"
      }
    },
    "flake-utils": {
      "inputs": {
        "systems": "systems"
      },
      "locked": {
        "lastModified": 1701680307,
        "narHash": "sha256-kAuep2h5ajznlPMD9rnQyffWG8EM/C73lejGofXvdM8=",
        "owner": "numtide",
        "repo": "flake-utils",
        "rev": "4022d587cbbfd70fe950c1e2083a02621806a725",
        "type": "github"
      },
      "original": {
        "owner": "numtide",
        "repo": "flake-utils",
        "type": "github"
      }
    },
    "hercules-ci-effects": {
      "inputs": {
        "flake-parts": "flake-parts_2",
        "nixpkgs": [
          "neovim-nightly-overlay",
          "nixpkgs"
        ]
      },
      "locked": {
        "lastModified": 1701009247,
        "narHash": "sha256-GuX16rzRze2y7CsewJLTV6qXkXWyEwp6VCZXi8HLruU=",
        "owner": "hercules-ci",
        "repo": "hercules-ci-effects",
        "rev": "31b6cd7569191bfcd0a548575b0e2ef953ed7d09",
        "type": "github"
      },
      "original": {
        "owner": "hercules-ci",
        "repo": "hercules-ci-effects",
        "type": "github"
      }
    },
    "home-manager": {
      "inputs": {
        "nixpkgs": [
          "nixpkgs"
        ]
      },
      "locked": {
        "lastModified": 1703367386,
        "narHash": "sha256-FMbm48UGrBfOWGt8+opuS+uLBLQlRfhiYXhHNcYMS5k=",
        "owner": "nix-community",
        "repo": "home-manager",
        "rev": "d5824a76bc6bb93d1dce9ebbbcb09a9b6abcc224",
        "type": "github"
      },
      "original": {
        "owner": "nix-community",
        "ref": "release-23.11",
        "repo": "home-manager",
        "type": "github"
      }
    },
    "knap-nvim-src": {
      "flake": false,
      "locked": {
        "lastModified": 1690293078,
        "narHash": "sha256-1VM9HU0N78XD0wXkahcmLoU8YTvN73YtSbckSFjwDqs=",
        "owner": "frabjous",
        "repo": "knap",
        "rev": "503010f541696e99ed5c62f658620e546cebf8b0",
        "type": "github"
      },
      "original": {
        "owner": "frabjous",
        "repo": "knap",
        "type": "github"
      }
    },
    "lspkind-src": {
      "flake": false,
      "locked": {
        "lastModified": 1703270607,
        "narHash": "sha256-RNNK/5waPf3BC3oTmuwGWpC/gyCgvBL1EGLvA5YQVj4=",
        "owner": "onsails",
        "repo": "lspkind.nvim",
        "rev": "d11d58c3fc3edbd8c0112b5850ef4ed553d98752",
        "type": "github"
      },
      "original": {
        "owner": "onsails",
        "repo": "lspkind.nvim",
        "type": "github"
      }
    },
    "monokai-nvim-src": {
      "flake": false,
      "locked": {
        "lastModified": 1674050493,
        "narHash": "sha256-Q6+la2P2L1QmdsRKszBBMee8oLXHwdJGWjG/FMMFgT0=",
        "owner": "tanvirtin",
        "repo": "monokai.nvim",
        "rev": "b8bd44d5796503173627d7a1fc51f77ec3a08a63",
        "type": "github"
      },
      "original": {
        "owner": "tanvirtin",
        "repo": "monokai.nvim",
        "type": "github"
      }
    },
    "my-nvim": {
      "inputs": {
        "alpha-nvim-src": "alpha-nvim-src",
        "knap-nvim-src": "knap-nvim-src",
        "lspkind-src": "lspkind-src",
        "monokai-nvim-src": "monokai-nvim-src",
        "nixpkgs": [
          "nixpkgs-unstable"
        ],
        "nvim-metals-src": "nvim-metals-src",
        "rust-tools-nvim-src": "rust-tools-nvim-src",
        "session-manager-src": "session-manager-src",
        "tabout-nvim-src": "tabout-nvim-src",
        "vim-syntax-extra-src": "vim-syntax-extra-src"
      },
      "locked": {
        "lastModified": 1,
        "narHash": "sha256-QLqB/p+sQoQinmx1AI+y98Gxrj3qknbBJCHvYyzJH9I=",
        "path": "./nvim",
        "type": "path"
      },
      "original": {
        "path": "./nvim",
        "type": "path"
      }
    },
    "neovim-flake": {
      "inputs": {
        "flake-utils": "flake-utils",
        "nixpkgs": [
          "neovim-nightly-overlay",
          "nixpkgs"
        ]
      },
      "locked": {
        "dir": "contrib",
        "lastModified": 1703447444,
        "narHash": "sha256-H8ba6xLDE+lSRlfa2s5U4bF4gIDtdaozN9VT/nm//ps=",
        "owner": "neovim",
        "repo": "neovim",
        "rev": "675522af18f59918a64e6dbe5f0ba3b1d3b4eb65",
        "type": "github"
      },
      "original": {
        "dir": "contrib",
        "owner": "neovim",
        "repo": "neovim",
        "type": "github"
      }
    },
    "neovim-nightly-overlay": {
      "inputs": {
        "flake-compat": "flake-compat",
        "flake-parts": "flake-parts",
        "hercules-ci-effects": "hercules-ci-effects",
        "neovim-flake": "neovim-flake",
        "nixpkgs": [
          "nixpkgs"
        ]
      },
      "locked": {
        "lastModified": 1703462663,
        "narHash": "sha256-YXdSFsf8JMBaf/RoGtghcbhX2FouAxSmBngT7j7uJtU=",
        "owner": "nix-community",
        "repo": "neovim-nightly-overlay",
        "rev": "c4caeb6f9e87ea08baece83e6cac351d9bd3bb2f",
        "type": "github"
      },
      "original": {
        "owner": "nix-community",
        "repo": "neovim-nightly-overlay",
        "type": "github"
      }
    },
    "nixpkgs": {
      "locked": {
        "lastModified": 1703200384,
        "narHash": "sha256-q5j06XOsy0qHOarsYPfZYJPWbTbc8sryRxianlEPJN0=",
        "owner": "NixOS",
        "repo": "nixpkgs",
        "rev": "0b3d618173114c64ab666f557504d6982665d328",
        "type": "github"
      },
      "original": {
        "owner": "NixOS",
        "ref": "nixos-23.11",
        "repo": "nixpkgs",
        "type": "github"
      }
    },
    "nixpkgs-unstable": {
      "locked": {
        "lastModified": 1703134684,
        "narHash": "sha256-SQmng1EnBFLzS7WSRyPM9HgmZP2kLJcPAz+Ug/nug6o=",
        "owner": "NixOS",
        "repo": "nixpkgs",
        "rev": "d6863cbcbbb80e71cecfc03356db1cda38919523",
        "type": "github"
      },
      "original": {
        "owner": "NixOS",
        "ref": "nixpkgs-unstable",
        "repo": "nixpkgs",
        "type": "github"
      }
    },
    "nvim-metals-src": {
      "flake": false,
      "locked": {
        "lastModified": 1702802410,
        "narHash": "sha256-LOVkDVfKsUCrs7m1wG28wm810CFETPel+hb8ZaVZEIM=",
        "owner": "scalameta",
        "repo": "nvim-metals",
        "rev": "1e269f1f01e6b970603d51e9e044824d9d8114e7",
        "type": "github"
      },
      "original": {
        "owner": "scalameta",
        "repo": "nvim-metals",
        "type": "github"
      }
    },
    "root": {
      "inputs": {
        "home-manager": "home-manager",
        "my-nvim": "my-nvim",
        "neovim-nightly-overlay": "neovim-nightly-overlay",
        "nixpkgs": "nixpkgs",
        "nixpkgs-unstable": "nixpkgs-unstable"
      }
    },
    "rust-tools-nvim-src": {
      "flake": false,
      "locked": {
        "lastModified": 1689033186,
        "narHash": "sha256-jtfyDxifchznUupLSao6nmpVqaX1yO0xN+NhqS9fgxg=",
        "owner": "simrat39",
        "repo": "rust-tools.nvim",
        "rev": "0cc8adab23117783a0292a0c8a2fbed1005dc645",
        "type": "github"
      },
      "original": {
        "owner": "simrat39",
        "repo": "rust-tools.nvim",
        "type": "github"
      }
    },
    "session-manager-src": {
      "flake": false,
      "locked": {
        "lastModified": 1696875507,
        "narHash": "sha256-WOJQ6RIibOby+Pmzr6kQxcT2NCGrq1roWkh4QKJECks=",
        "owner": "Shatur",
        "repo": "neovim-session-manager",
        "rev": "68dde355a4304d83b40cf073f53915604bdd8e70",
        "type": "github"
      },
      "original": {
        "owner": "Shatur",
        "repo": "neovim-session-manager",
        "type": "github"
      }
    },
    "systems": {
      "locked": {
        "lastModified": 1681028828,
        "narHash": "sha256-Vy1rq5AaRuLzOxct8nz4T6wlgyUR7zLU309k9mBC768=",
        "owner": "nix-systems",
        "repo": "default",
        "rev": "da67096a3b9bf56a91d16901293e51ba5b49a27e",
        "type": "github"
      },
      "original": {
        "owner": "nix-systems",
        "repo": "default",
        "type": "github"
      }
    },
    "tabout-nvim-src": {
      "flake": false,
      "locked": {
        "lastModified": 1680072870,
        "narHash": "sha256-Ltys1BVWWBHuv1GOCFQ0wMYf36feRRePAiH85tbx9Ic=",
        "owner": "abecodes",
        "repo": "tabout.nvim",
        "rev": "0d275c8d25f32457e67b5c66d6ae43f26a61bce5",
        "type": "github"
      },
      "original": {
        "owner": "abecodes",
        "repo": "tabout.nvim",
        "type": "github"
      }
    },
    "vim-syntax-extra-src": {
      "flake": false,
      "locked": {
        "lastModified": 1587879267,
        "narHash": "sha256-DEjvzVOuHZzEBxgfQn+do7thMsrrP4542V/e4XZ3rQo=",
        "owner": "justinmk",
        "repo": "vim-syntax-extra",
        "rev": "5906eeab33e1e50ebf13b6fbbb4442e22f67b2b2",
        "type": "github"
      },
      "original": {
        "owner": "justinmk",
        "repo": "vim-syntax-extra",
        "type": "github"
      }
    }
  },
  "root": "root",
  "version": 7
}
