{
  "nodes": {
    "alpha-nvim-src": {
      "flake": false,
      "locked": {
        "lastModified": 1650598953,
        "narHash": "sha256-GA+fIfVlHOllojGyErYGC0+zyYTl9rOxendqOgApJw4=",
        "owner": "goolord",
        "repo": "alpha-nvim",
        "rev": "4781fcfea5ddc1a92d41b32dc325132ed6fce7a8",
        "type": "github"
      },
      "original": {
        "owner": "goolord",
        "repo": "alpha-nvim",
        "type": "github"
      }
    },
    "cmp-copilot-src": {
      "flake": false,
      "locked": {
        "lastModified": 1649687630,
        "narHash": "sha256-2j3Y2vvBHXLD+fPH7fbvjKadd6X/uuHI0ajkjTJR35I=",
        "owner": "hrsh7th",
        "repo": "cmp-copilot",
        "rev": "1f3f31c54bd71e41ed157430702bc2837ea582ab",
        "type": "github"
      },
      "original": {
        "owner": "hrsh7th",
        "repo": "cmp-copilot",
        "type": "github"
      }
    },
    "flake-compat": {
      "flake": false,
      "locked": {
        "lastModified": 1650374568,
        "narHash": "sha256-Z+s0J8/r907g149rllvwhb4pKi8Wam5ij0st8PwAh+E=",
        "owner": "edolstra",
        "repo": "flake-compat",
        "rev": "b4a34015c698c7793d592d66adbab377907a2be8",
        "type": "github"
      },
      "original": {
        "owner": "edolstra",
        "repo": "flake-compat",
        "type": "github"
      }
    },
    "flake-utils": {
      "locked": {
        "lastModified": 1644229661,
        "narHash": "sha256-1YdnJAsNy69bpcjuoKdOYQX0YxZBiCYZo4Twxerqv7k=",
        "owner": "numtide",
        "repo": "flake-utils",
        "rev": "3cecb5b042f7f209c56ffd8371b2711a290ec797",
        "type": "github"
      },
      "original": {
        "owner": "numtide",
        "repo": "flake-utils",
        "type": "github"
      }
    },
    "home-manager": {
      "inputs": {
        "nixpkgs": [
          "nixpkgs-unstable"
        ]
      },
      "locked": {
        "lastModified": 1652214259,
        "narHash": "sha256-kbribVik1m3SU6QNpZ3euybljqs0CEQ0lEEz7MN+u8U=",
        "owner": "nix-community",
        "repo": "home-manager",
        "rev": "f735a8502b098962ae965c2600c7be9f7711b814",
        "type": "github"
      },
      "original": {
        "owner": "nix-community",
        "ref": "master",
        "repo": "home-manager",
        "type": "github"
      }
    },
    "monokai-nvim-src": {
      "flake": false,
      "locked": {
        "lastModified": 1643477281,
        "narHash": "sha256-u9nxOOjfsVZ9fIrkSh2jQh1F+On8daJfxkJQvSdrO5w=",
        "owner": "tanvirtin",
        "repo": "monokai.nvim",
        "rev": "bff619d7a911cd8d8dcb5168db9ee6dfcc344934",
        "type": "github"
      },
      "original": {
        "owner": "tanvirtin",
        "repo": "monokai.nvim",
        "type": "github"
      }
    },
    "neovim-flake": {
      "inputs": {
        "flake-utils": "flake-utils",
        "nixpkgs": [
          "neovim-nightly-overlay",
          "nixpkgs"
        ]
      },
      "locked": {
        "dir": "contrib",
        "lastModified": 1652412677,
        "narHash": "sha256-JUtGjeDI8BKRzKHJPpaovIzuYFcdWrm5HYwSYbd+kcc=",
        "owner": "neovim",
        "repo": "neovim",
        "rev": "030417d80bac7fb3e9574b7cb1b81dca8fedda32",
        "type": "github"
      },
      "original": {
        "dir": "contrib",
        "owner": "neovim",
        "repo": "neovim",
        "type": "github"
      }
    },
    "neovim-nightly-overlay": {
      "inputs": {
        "flake-compat": "flake-compat",
        "neovim-flake": "neovim-flake",
        "nixpkgs": "nixpkgs"
      },
      "locked": {
        "lastModified": 1652430051,
        "narHash": "sha256-lmQ+GkuL9yo3VPdEYBZZ414VNjn9fCQQIkBRJndDEco=",
        "owner": "nix-community",
        "repo": "neovim-nightly-overlay",
        "rev": "1705145729ba13e76e2aea94db719a5c592604fe",
        "type": "github"
      },
      "original": {
        "owner": "nix-community",
        "repo": "neovim-nightly-overlay",
        "type": "github"
      }
    },
    "nixpkgs": {
      "locked": {
        "lastModified": 1652231724,
        "narHash": "sha256-MjalcXFZgcgchp4QqnF05JTkFBBGad5hbksA1EKoP98=",
        "owner": "nixos",
        "repo": "nixpkgs",
        "rev": "41ff747f882914c1f8c233207ce280ac9d0c867f",
        "type": "github"
      },
      "original": {
        "owner": "nixos",
        "ref": "nixos-unstable",
        "repo": "nixpkgs",
        "type": "github"
      }
    },
    "nixpkgs-unstable": {
      "locked": {
        "lastModified": 1652231724,
        "narHash": "sha256-MjalcXFZgcgchp4QqnF05JTkFBBGad5hbksA1EKoP98=",
        "owner": "NixOS",
        "repo": "nixpkgs",
        "rev": "41ff747f882914c1f8c233207ce280ac9d0c867f",
        "type": "github"
      },
      "original": {
        "owner": "NixOS",
        "ref": "nixos-unstable",
        "repo": "nixpkgs",
        "type": "github"
      }
    },
    "nixpkgs_2": {
      "locked": {
        "lastModified": 1652182392,
        "narHash": "sha256-H9Bmor+kfogrE0X7Fi5sh0gCUWDG4pnmYxedJyIT41A=",
        "owner": "NixOS",
        "repo": "nixpkgs",
        "rev": "aa2f845096f72dde4ad0c168eeec387cbd2eae04",
        "type": "github"
      },
      "original": {
        "owner": "NixOS",
        "ref": "nixos-21.11",
        "repo": "nixpkgs",
        "type": "github"
      }
    },
    "root": {
      "inputs": {
        "alpha-nvim-src": "alpha-nvim-src",
        "cmp-copilot-src": "cmp-copilot-src",
        "home-manager": "home-manager",
        "monokai-nvim-src": "monokai-nvim-src",
        "neovim-nightly-overlay": "neovim-nightly-overlay",
        "nixpkgs": "nixpkgs_2",
        "nixpkgs-unstable": "nixpkgs-unstable",
        "rust-tools-nvim-src": "rust-tools-nvim-src"
      }
    },
    "rust-tools-nvim-src": {
      "flake": false,
      "locked": {
        "lastModified": 1652333822,
        "narHash": "sha256-7YKJKqu1GpN7HXG/1VPraVdObhn4BzOwtggBeXKDnd4=",
        "owner": "simrat39",
        "repo": "rust-tools.nvim",
        "rev": "fbfcd9c4b7e40202ccf3db5035ac3c2b15a4413f",
        "type": "github"
      },
      "original": {
        "owner": "simrat39",
        "repo": "rust-tools.nvim",
        "type": "github"
      }
    }
  },
  "root": "root",
  "version": 7
}
