{
  "nodes": {
    "alpha-nvim-src": {
      "flake": false,
      "locked": {
        "lastModified": 1662693863,
        "narHash": "sha256-tKXSFZusajLLsbQj6VKZG1TJB+i5i1H5e5Q5tbe+ojM=",
        "owner": "goolord",
        "repo": "alpha-nvim",
        "rev": "0bb6fc0646bcd1cdb4639737a1cee8d6e08bcc31",
        "type": "github"
      },
      "original": {
        "owner": "goolord",
        "repo": "alpha-nvim",
        "type": "github"
      }
    },
    "flake-compat": {
      "flake": false,
      "locked": {
        "lastModified": 1650374568,
        "narHash": "sha256-Z+s0J8/r907g149rllvwhb4pKi8Wam5ij0st8PwAh+E=",
        "owner": "edolstra",
        "repo": "flake-compat",
        "rev": "b4a34015c698c7793d592d66adbab377907a2be8",
        "type": "github"
      },
      "original": {
        "owner": "edolstra",
        "repo": "flake-compat",
        "type": "github"
      }
    },
    "flake-utils": {
      "locked": {
        "lastModified": 1659877975,
        "narHash": "sha256-zllb8aq3YO3h8B/U0/J1WBgAL8EX5yWf5pMj3G0NAmc=",
        "owner": "numtide",
        "repo": "flake-utils",
        "rev": "c0e246b9b83f637f4681389ecabcb2681b4f3af0",
        "type": "github"
      },
      "original": {
        "owner": "numtide",
        "repo": "flake-utils",
        "type": "github"
      }
    },
    "home-manager": {
      "inputs": {
        "nixpkgs": [
          "nixpkgs"
        ],
        "utils": "utils"
      },
      "locked": {
        "lastModified": 1664286632,
        "narHash": "sha256-fKENvLanhmBENlIbmDAVB8SKSbwdLLBYKu6B7oJ0rLc=",
        "owner": "nix-community",
        "repo": "home-manager",
        "rev": "6dc8a43f397c92afbc3f771385ac803d96d5eeb5",
        "type": "github"
      },
      "original": {
        "owner": "nix-community",
        "ref": "master",
        "repo": "home-manager",
        "type": "github"
      }
    },
    "lspkind-src": {
      "flake": false,
      "locked": {
        "lastModified": 1663824370,
        "narHash": "sha256-WwUQ+O2rIfD4yl0GFx70GsZc9nnhS7b2KWfNdaXCLmM=",
        "owner": "onsails",
        "repo": "lspkind.nvim",
        "rev": "c68b3a003483cf382428a43035079f78474cd11e",
        "type": "github"
      },
      "original": {
        "owner": "onsails",
        "repo": "lspkind.nvim",
        "type": "github"
      }
    },
    "monokai-nvim-src": {
      "flake": false,
      "locked": {
        "lastModified": 1657488708,
        "narHash": "sha256-sZdchkSAoDMYaMNx3fqtPJzS4jhlzIUBZYTwm+fEJD0=",
        "owner": "tanvirtin",
        "repo": "monokai.nvim",
        "rev": "4fc970efcbbdcd614733eb8c68d3b8bf8bddec3e",
        "type": "github"
      },
      "original": {
        "owner": "tanvirtin",
        "repo": "monokai.nvim",
        "type": "github"
      }
    },
    "neovim-flake": {
      "inputs": {
        "flake-utils": "flake-utils",
        "nixpkgs": [
          "neovim-nightly-overlay",
          "nixpkgs"
        ]
      },
      "locked": {
        "dir": "contrib",
        "lastModified": 1664317331,
        "narHash": "sha256-8I7xCObcr6euNzVJnzlYxseaarkqpw2ir6Dhk7MCckw=",
        "owner": "neovim",
        "repo": "neovim",
        "rev": "e6c214033a4fadf60faf99e95f8e9787e3c5e630",
        "type": "github"
      },
      "original": {
        "dir": "contrib",
        "owner": "neovim",
        "repo": "neovim",
        "type": "github"
      }
    },
    "neovim-nightly-overlay": {
      "inputs": {
        "flake-compat": "flake-compat",
        "neovim-flake": "neovim-flake",
        "nixpkgs": "nixpkgs"
      },
      "locked": {
        "lastModified": 1664353308,
        "narHash": "sha256-LQxvl1yhaUcTAyAk6uOm/dmO499z2vgeIrwSntV7f60=",
        "owner": "nix-community",
        "repo": "neovim-nightly-overlay",
        "rev": "3799fd7182e04907d2f6b7e6d2d05c04181d276a",
        "type": "github"
      },
      "original": {
        "owner": "nix-community",
        "repo": "neovim-nightly-overlay",
        "type": "github"
      }
    },
    "nixpkgs": {
      "locked": {
        "lastModified": 1664326381,
        "narHash": "sha256-w9fbgU1Rz7tDCPe0FT3SExG4JbylR89AdaofHFkL2GA=",
        "owner": "nixos",
        "repo": "nixpkgs",
        "rev": "cd0b791eaac32aa7bf8e1958e180c1b2317f9d76",
        "type": "github"
      },
      "original": {
        "owner": "nixos",
        "ref": "nixpkgs-unstable",
        "repo": "nixpkgs",
        "type": "github"
      }
    },
    "nixpkgs_2": {
      "locked": {
        "lastModified": 1664281702,
        "narHash": "sha256-haixZ4TJLu1Dciow54wrHrHvlGDVr5sW6MTeAV/ZLuI=",
        "owner": "NixOS",
        "repo": "nixpkgs",
        "rev": "7e52b35fe98481a279d89f9c145f8076d049d2b9",
        "type": "github"
      },
      "original": {
        "owner": "NixOS",
        "ref": "nixos-unstable",
        "repo": "nixpkgs",
        "type": "github"
      }
    },
    "root": {
      "inputs": {
        "alpha-nvim-src": "alpha-nvim-src",
        "home-manager": "home-manager",
        "lspkind-src": "lspkind-src",
        "monokai-nvim-src": "monokai-nvim-src",
        "neovim-nightly-overlay": "neovim-nightly-overlay",
        "nixpkgs": "nixpkgs_2",
        "rust-tools-nvim-src": "rust-tools-nvim-src",
        "tabout-nvim-src": "tabout-nvim-src"
      }
    },
    "rust-tools-nvim-src": {
      "flake": false,
      "locked": {
        "lastModified": 1662154544,
        "narHash": "sha256-zR+6LMgHxzqWuPYuTT5U4HKW+lbgOZ2Zw6LzArRpQ5g=",
        "owner": "simrat39",
        "repo": "rust-tools.nvim",
        "rev": "86a2b4e31f504c00715d0dd082a6b8b5d4afbf03",
        "type": "github"
      },
      "original": {
        "owner": "simrat39",
        "repo": "rust-tools.nvim",
        "type": "github"
      }
    },
    "tabout-nvim-src": {
      "flake": false,
      "locked": {
        "lastModified": 1651923748,
        "narHash": "sha256-wB9HIS0HW1DExgQ/is8/ejpH9FVYfH4UpS9HA6pgYK4=",
        "owner": "abecodes",
        "repo": "tabout.nvim",
        "rev": "be655cc7ce0f5d6d24eeaf8b36e82693fd2facca",
        "type": "github"
      },
      "original": {
        "owner": "abecodes",
        "repo": "tabout.nvim",
        "type": "github"
      }
    },
    "utils": {
      "locked": {
        "lastModified": 1659877975,
        "narHash": "sha256-zllb8aq3YO3h8B/U0/J1WBgAL8EX5yWf5pMj3G0NAmc=",
        "owner": "numtide",
        "repo": "flake-utils",
        "rev": "c0e246b9b83f637f4681389ecabcb2681b4f3af0",
        "type": "github"
      },
      "original": {
        "owner": "numtide",
        "repo": "flake-utils",
        "type": "github"
      }
    }
  },
  "root": "root",
  "version": 7
}
