{
  "nodes": {
    "alpha-nvim-src": {
      "flake": false,
      "locked": {
        "lastModified": 1708891191,
        "narHash": "sha256-kTVPKZ/e1us/uHfSwFwR38lFYN8EotJq2jKz6xm/eqg=",
        "owner": "goolord",
        "repo": "alpha-nvim",
        "rev": "41283fb402713fc8b327e60907f74e46166f4cfd",
        "type": "github"
      },
      "original": {
        "owner": "goolord",
        "repo": "alpha-nvim",
        "type": "github"
      }
    },
    "knap-nvim-src": {
      "flake": false,
      "locked": {
        "lastModified": 1716909832,
        "narHash": "sha256-gASf0r01e7ZcVDtZJoxiar6fIazSRgFtIbA/XpT3Pi8=",
        "owner": "frabjous",
        "repo": "knap",
        "rev": "00e94c10b5b969b2aca791f1b2d36ad77c89a252",
        "type": "github"
      },
      "original": {
        "owner": "frabjous",
        "repo": "knap",
        "type": "github"
      }
    },
    "lspkind-src": {
      "flake": false,
      "locked": {
        "lastModified": 1704982040,
        "narHash": "sha256-/QLdBU/Zwmkw1NGuLBD48tvrmIP9d9WHhgcLEQgRTWo=",
        "owner": "onsails",
        "repo": "lspkind.nvim",
        "rev": "1735dd5a5054c1fb7feaf8e8658dbab925f4f0cf",
        "type": "github"
      },
      "original": {
        "owner": "onsails",
        "repo": "lspkind.nvim",
        "type": "github"
      }
    },
    "lspsaga-nvim-src": {
      "flake": false,
      "locked": {
        "lastModified": 1717308055,
        "narHash": "sha256-QqEQp3wc/vOtwhjv+/CyfT6JA1gOstxneHJ9jI3IdJU=",
        "owner": "nvimdev",
        "repo": "lspsaga.nvim",
        "rev": "31017128cbca6e31376f4c7826c39568404aa863",
        "type": "github"
      },
      "original": {
        "owner": "nvimdev",
        "repo": "lspsaga.nvim",
        "type": "github"
      }
    },
    "nixpkgs": {
      "locked": {
        "lastModified": 1717399147,
        "narHash": "sha256-eCWaE/q1VItpFAxxLVt171MdtDcjEnwi6QB/yuF73JU=",
        "owner": "NixOS",
        "repo": "nixpkgs",
        "rev": "4a4ecb0ab415c9fccfb005567a215e6a9564cdf5",
        "type": "github"
      },
      "original": {
        "owner": "NixOS",
        "ref": "nixpkgs-unstable",
        "repo": "nixpkgs",
        "type": "github"
      }
    },
    "nvim-metals-src": {
      "flake": false,
      "locked": {
        "lastModified": 1716636339,
        "narHash": "sha256-VQOolBCVYZ1T71REjgD7X/+txd1awmdGgW154hc30Y8=",
        "owner": "scalameta",
        "repo": "nvim-metals",
        "rev": "1b87e6bfa4174b5fbaee9ca7ec79d8eae8df7f18",
        "type": "github"
      },
      "original": {
        "owner": "scalameta",
        "repo": "nvim-metals",
        "type": "github"
      }
    },
    "root": {
      "inputs": {
        "alpha-nvim-src": "alpha-nvim-src",
        "knap-nvim-src": "knap-nvim-src",
        "lspkind-src": "lspkind-src",
        "lspsaga-nvim-src": "lspsaga-nvim-src",
        "nixpkgs": "nixpkgs",
        "nvim-metals-src": "nvim-metals-src",
        "session-manager-src": "session-manager-src",
        "tabout-nvim-src": "tabout-nvim-src",
        "vim-syntax-extra-src": "vim-syntax-extra-src"
      }
    },
    "session-manager-src": {
      "flake": false,
      "locked": {
        "lastModified": 1717495161,
        "narHash": "sha256-Ter6N/bWapS0mpEILPGfqv+sDmVgXZhOSStbV+uZSdk=",
        "owner": "Shatur",
        "repo": "neovim-session-manager",
        "rev": "b3058f6ad6c69b20db3b375f7918ebd57e25aa4c",
        "type": "github"
      },
      "original": {
        "owner": "Shatur",
        "repo": "neovim-session-manager",
        "type": "github"
      }
    },
    "tabout-nvim-src": {
      "flake": false,
      "locked": {
        "lastModified": 1716055956,
        "narHash": "sha256-DYi7IM2Fgl3YZqSw0xpee7dguGa4yciYj7540pCXq+w=",
        "owner": "abecodes",
        "repo": "tabout.nvim",
        "rev": "3d7fbc7f5e91ef0f96b4d787c78ad9f8820de3ec",
        "type": "github"
      },
      "original": {
        "owner": "abecodes",
        "repo": "tabout.nvim",
        "type": "github"
      }
    },
    "vim-syntax-extra-src": {
      "flake": false,
      "locked": {
        "lastModified": 1587879267,
        "narHash": "sha256-DEjvzVOuHZzEBxgfQn+do7thMsrrP4542V/e4XZ3rQo=",
        "owner": "justinmk",
        "repo": "vim-syntax-extra",
        "rev": "5906eeab33e1e50ebf13b6fbbb4442e22f67b2b2",
        "type": "github"
      },
      "original": {
        "owner": "justinmk",
        "repo": "vim-syntax-extra",
        "type": "github"
      }
    }
  },
  "root": "root",
  "version": 7
}
