{
  "nodes": {
    "alpha-nvim-src": {
      "flake": false,
      "locked": {
        "lastModified": 1708891191,
        "narHash": "sha256-kTVPKZ/e1us/uHfSwFwR38lFYN8EotJq2jKz6xm/eqg=",
        "owner": "goolord",
        "repo": "alpha-nvim",
        "rev": "41283fb402713fc8b327e60907f74e46166f4cfd",
        "type": "github"
      },
      "original": {
        "owner": "goolord",
        "repo": "alpha-nvim",
        "type": "github"
      }
    },
    "knap-nvim-src": {
      "flake": false,
      "locked": {
        "lastModified": 1708890287,
        "narHash": "sha256-3N6bxsC5NxVTfREjWxOCRGs+/itQBelVF2GoTeiqC/o=",
        "owner": "frabjous",
        "repo": "knap",
        "rev": "d4ea571d2d4e139d288b758c5bab31788d30eea3",
        "type": "github"
      },
      "original": {
        "owner": "frabjous",
        "repo": "knap",
        "type": "github"
      }
    },
    "lspkind-src": {
      "flake": false,
      "locked": {
        "lastModified": 1704982040,
        "narHash": "sha256-/QLdBU/Zwmkw1NGuLBD48tvrmIP9d9WHhgcLEQgRTWo=",
        "owner": "onsails",
        "repo": "lspkind.nvim",
        "rev": "1735dd5a5054c1fb7feaf8e8658dbab925f4f0cf",
        "type": "github"
      },
      "original": {
        "owner": "onsails",
        "repo": "lspkind.nvim",
        "type": "github"
      }
    },
    "nixpkgs": {
      "locked": {
        "lastModified": 1710631334,
        "narHash": "sha256-rL5LSYd85kplL5othxK5lmAtjyMOBg390sGBTb3LRMM=",
        "owner": "NixOS",
        "repo": "nixpkgs",
        "rev": "c75037bbf9093a2acb617804ee46320d6d1fea5a",
        "type": "github"
      },
      "original": {
        "owner": "NixOS",
        "ref": "nixos-unstable",
        "repo": "nixpkgs",
        "type": "github"
      }
    },
    "nvim-metals-src": {
      "flake": false,
      "locked": {
        "lastModified": 1709368177,
        "narHash": "sha256-0v3kcosNthhdOrdD825a0eLPqBXIsBJpJxYY7bzZohU=",
        "owner": "scalameta",
        "repo": "nvim-metals",
        "rev": "4f9bf0c821092f20dd34c1a4ea5b07b0500ff089",
        "type": "github"
      },
      "original": {
        "owner": "scalameta",
        "repo": "nvim-metals",
        "type": "github"
      }
    },
    "root": {
      "inputs": {
        "alpha-nvim-src": "alpha-nvim-src",
        "knap-nvim-src": "knap-nvim-src",
        "lspkind-src": "lspkind-src",
        "nixpkgs": "nixpkgs",
        "nvim-metals-src": "nvim-metals-src",
        "session-manager-src": "session-manager-src",
        "tabout-nvim-src": "tabout-nvim-src",
        "vim-syntax-extra-src": "vim-syntax-extra-src"
      }
    },
    "session-manager-src": {
      "flake": false,
      "locked": {
        "lastModified": 1708284146,
        "narHash": "sha256-+TDWY8mprJfUp9ZFKbz83to7XW8iiovja22jHms+N1A=",
        "owner": "Shatur",
        "repo": "neovim-session-manager",
        "rev": "d8e1ba3bbcf3fdc6a887bcfbd94c48ae4707b457",
        "type": "github"
      },
      "original": {
        "owner": "Shatur",
        "repo": "neovim-session-manager",
        "type": "github"
      }
    },
    "tabout-nvim-src": {
      "flake": false,
      "locked": {
        "lastModified": 1708256278,
        "narHash": "sha256-l9cJsAa4f+1IFZVeGsb0N5rhMMCokHrP2aQAMZEzlkg=",
        "owner": "abecodes",
        "repo": "tabout.nvim",
        "rev": "6a8f4e67a9bfc9bfc9989cc45253180598cc4339",
        "type": "github"
      },
      "original": {
        "owner": "abecodes",
        "repo": "tabout.nvim",
        "type": "github"
      }
    },
    "vim-syntax-extra-src": {
      "flake": false,
      "locked": {
        "lastModified": 1587879267,
        "narHash": "sha256-DEjvzVOuHZzEBxgfQn+do7thMsrrP4542V/e4XZ3rQo=",
        "owner": "justinmk",
        "repo": "vim-syntax-extra",
        "rev": "5906eeab33e1e50ebf13b6fbbb4442e22f67b2b2",
        "type": "github"
      },
      "original": {
        "owner": "justinmk",
        "repo": "vim-syntax-extra",
        "type": "github"
      }
    }
  },
  "root": "root",
  "version": 7
}
