{
  "nodes": {
    "alpha-nvim-src": {
      "flake": false,
      "locked": {
        "lastModified": 1708891191,
        "narHash": "sha256-kTVPKZ/e1us/uHfSwFwR38lFYN8EotJq2jKz6xm/eqg=",
        "owner": "goolord",
        "repo": "alpha-nvim",
        "rev": "41283fb402713fc8b327e60907f74e46166f4cfd",
        "type": "github"
      },
      "original": {
        "owner": "goolord",
        "repo": "alpha-nvim",
        "type": "github"
      }
    },
    "flake-compat": {
      "flake": false,
      "locked": {
        "lastModified": 1696426674,
        "narHash": "sha256-kvjfFW7WAETZlt09AgDn1MrtKzP7t90Vf7vypd3OL1U=",
        "owner": "edolstra",
        "repo": "flake-compat",
        "rev": "0f9255e01c2351cc7d116c072cb317785dd33b33",
        "type": "github"
      },
      "original": {
        "owner": "edolstra",
        "repo": "flake-compat",
        "type": "github"
      }
    },
    "flake-compat_2": {
      "flake": false,
      "locked": {
        "lastModified": 1696426674,
        "narHash": "sha256-kvjfFW7WAETZlt09AgDn1MrtKzP7t90Vf7vypd3OL1U=",
        "owner": "edolstra",
        "repo": "flake-compat",
        "rev": "0f9255e01c2351cc7d116c072cb317785dd33b33",
        "type": "github"
      },
      "original": {
        "owner": "edolstra",
        "repo": "flake-compat",
        "type": "github"
      }
    },
    "flake-parts": {
      "inputs": {
        "nixpkgs-lib": [
          "neovim-nightly-overlay",
          "nixpkgs"
        ]
      },
      "locked": {
        "lastModified": 1717285511,
        "narHash": "sha256-iKzJcpdXih14qYVcZ9QC9XuZYnPc6T8YImb6dX166kw=",
        "owner": "hercules-ci",
        "repo": "flake-parts",
        "rev": "2a55567fcf15b1b1c7ed712a2c6fadaec7412ea8",
        "type": "github"
      },
      "original": {
        "owner": "hercules-ci",
        "repo": "flake-parts",
        "type": "github"
      }
    },
    "flake-parts_2": {
      "inputs": {
        "nixpkgs-lib": [
          "neovim-nightly-overlay",
          "hercules-ci-effects",
          "nixpkgs"
        ]
      },
      "locked": {
        "lastModified": 1712014858,
        "narHash": "sha256-sB4SWl2lX95bExY2gMFG5HIzvva5AVMJd4Igm+GpZNw=",
        "owner": "hercules-ci",
        "repo": "flake-parts",
        "rev": "9126214d0a59633752a136528f5f3b9aa8565b7d",
        "type": "github"
      },
      "original": {
        "id": "flake-parts",
        "type": "indirect"
      }
    },
    "git-hooks": {
      "inputs": {
        "flake-compat": "flake-compat_2",
        "gitignore": "gitignore",
        "nixpkgs": [
          "neovim-nightly-overlay",
          "nixpkgs"
        ],
        "nixpkgs-stable": [
          "neovim-nightly-overlay",
          "nixpkgs"
        ]
      },
      "locked": {
        "lastModified": 1717664902,
        "narHash": "sha256-7XfBuLULizXjXfBYy/VV+SpYMHreNRHk9nKMsm1bgb4=",
        "owner": "cachix",
        "repo": "git-hooks.nix",
        "rev": "cc4d466cb1254af050ff7bdf47f6d404a7c646d1",
        "type": "github"
      },
      "original": {
        "owner": "cachix",
        "repo": "git-hooks.nix",
        "type": "github"
      }
    },
    "gitignore": {
      "inputs": {
        "nixpkgs": [
          "neovim-nightly-overlay",
          "git-hooks",
          "nixpkgs"
        ]
      },
      "locked": {
        "lastModified": 1709087332,
        "narHash": "sha256-HG2cCnktfHsKV0s4XW83gU3F57gaTljL9KNSuG6bnQs=",
        "owner": "hercules-ci",
        "repo": "gitignore.nix",
        "rev": "637db329424fd7e46cf4185293b9cc8c88c95394",
        "type": "github"
      },
      "original": {
        "owner": "hercules-ci",
        "repo": "gitignore.nix",
        "type": "github"
      }
    },
    "hercules-ci-effects": {
      "inputs": {
        "flake-parts": "flake-parts_2",
        "nixpkgs": [
          "neovim-nightly-overlay",
          "nixpkgs"
        ]
      },
      "locked": {
        "lastModified": 1718018037,
        "narHash": "sha256-03rLBd/lKecgaKz0j5ESUf9lDn5R0SJatZTKLL5unWE=",
        "owner": "hercules-ci",
        "repo": "hercules-ci-effects",
        "rev": "0ab08b23ce3c3f75fe9a5598756b6fb8bcf0b414",
        "type": "github"
      },
      "original": {
        "owner": "hercules-ci",
        "repo": "hercules-ci-effects",
        "type": "github"
      }
    },
    "knap-nvim-src": {
      "flake": false,
      "locked": {
        "lastModified": 1718283608,
        "narHash": "sha256-TvMUyAmfV1/V4SfWtUIhkGctS+vUsyGe8YmnWAdjCdA=",
        "owner": "frabjous",
        "repo": "knap",
        "rev": "0040760bb504a713ea5988c7c490a15faf477c57",
        "type": "github"
      },
      "original": {
        "owner": "frabjous",
        "repo": "knap",
        "type": "github"
      }
    },
    "lspkind-src": {
      "flake": false,
      "locked": {
        "lastModified": 1704982040,
        "narHash": "sha256-/QLdBU/Zwmkw1NGuLBD48tvrmIP9d9WHhgcLEQgRTWo=",
        "owner": "onsails",
        "repo": "lspkind.nvim",
        "rev": "1735dd5a5054c1fb7feaf8e8658dbab925f4f0cf",
        "type": "github"
      },
      "original": {
        "owner": "onsails",
        "repo": "lspkind.nvim",
        "type": "github"
      }
    },
    "lspsaga-nvim-src": {
      "flake": false,
      "locked": {
        "lastModified": 1718111433,
        "narHash": "sha256-yIoeGttdv5dvqzrTwGWl66tmV+Jy62PUPRME1uYo7P0=",
        "owner": "nvimdev",
        "repo": "lspsaga.nvim",
        "rev": "6f920cfabddb9b7de5a3a4d0b7cd4f0774ae23e2",
        "type": "github"
      },
      "original": {
        "owner": "nvimdev",
        "repo": "lspsaga.nvim",
        "type": "github"
      }
    },
    "neovim-nightly-overlay": {
      "inputs": {
        "flake-compat": "flake-compat",
        "flake-parts": "flake-parts",
        "git-hooks": "git-hooks",
        "hercules-ci-effects": "hercules-ci-effects",
        "neovim-src": "neovim-src",
        "nixpkgs": [
          "nixpkgs"
        ]
      },
      "locked": {
        "lastModified": 1718090902,
        "narHash": "sha256-XlFgIhunVheMVT5hv+Ov7wkjFldqqOWsRleYQHrgWQY=",
        "owner": "nix-community",
        "repo": "neovim-nightly-overlay",
        "rev": "60a8a1b221308566c51aa9a66e11145a3f141fc8",
        "type": "github"
      },
      "original": {
        "owner": "nix-community",
        "repo": "neovim-nightly-overlay",
        "type": "github"
      }
    },
    "neovim-src": {
      "flake": false,
      "locked": {
        "lastModified": 1718038388,
        "narHash": "sha256-npcA3yWucHF5uKKqcrSLJAy0hk3tTxfVCo/Da/Z4OOM=",
        "owner": "neovim",
        "repo": "neovim",
        "rev": "37bf4c572a8fa20dc4a8433524ecc8c8d68fe53c",
        "type": "github"
      },
      "original": {
        "owner": "neovim",
        "repo": "neovim",
        "type": "github"
      }
    },
    "nixpkgs": {
      "locked": {
        "lastModified": 1718149104,
        "narHash": "sha256-Ds1QpobBX2yoUDx9ZruqVGJ/uQPgcXoYuobBguyKEh8=",
        "owner": "NixOS",
        "repo": "nixpkgs",
        "rev": "e913ae340076bbb73d9f4d3d065c2bca7caafb16",
        "type": "github"
      },
      "original": {
        "owner": "NixOS",
        "ref": "nixpkgs-unstable",
        "repo": "nixpkgs",
        "type": "github"
      }
    },
    "nvim-metals-src": {
      "flake": false,
      "locked": {
        "lastModified": 1716636339,
        "narHash": "sha256-VQOolBCVYZ1T71REjgD7X/+txd1awmdGgW154hc30Y8=",
        "owner": "scalameta",
        "repo": "nvim-metals",
        "rev": "1b87e6bfa4174b5fbaee9ca7ec79d8eae8df7f18",
        "type": "github"
      },
      "original": {
        "owner": "scalameta",
        "repo": "nvim-metals",
        "type": "github"
      }
    },
    "root": {
      "inputs": {
        "alpha-nvim-src": "alpha-nvim-src",
        "knap-nvim-src": "knap-nvim-src",
        "lspkind-src": "lspkind-src",
        "lspsaga-nvim-src": "lspsaga-nvim-src",
        "neovim-nightly-overlay": "neovim-nightly-overlay",
        "nixpkgs": "nixpkgs",
        "nvim-metals-src": "nvim-metals-src",
        "session-manager-src": "session-manager-src",
        "tabout-nvim-src": "tabout-nvim-src",
        "vim-syntax-extra-src": "vim-syntax-extra-src"
      }
    },
    "session-manager-src": {
      "flake": false,
      "locked": {
        "lastModified": 1717752130,
        "narHash": "sha256-4Zs2hqdogeqDbmrC+Ya5W2tYR+no9eIubkKKV/5Vo8c=",
        "owner": "Shatur",
        "repo": "neovim-session-manager",
        "rev": "29f80e9c6f3620b81908e287b3d1ed79c2290dd5",
        "type": "github"
      },
      "original": {
        "owner": "Shatur",
        "repo": "neovim-session-manager",
        "type": "github"
      }
    },
    "tabout-nvim-src": {
      "flake": false,
      "locked": {
        "lastModified": 1716055956,
        "narHash": "sha256-DYi7IM2Fgl3YZqSw0xpee7dguGa4yciYj7540pCXq+w=",
        "owner": "abecodes",
        "repo": "tabout.nvim",
        "rev": "3d7fbc7f5e91ef0f96b4d787c78ad9f8820de3ec",
        "type": "github"
      },
      "original": {
        "owner": "abecodes",
        "repo": "tabout.nvim",
        "type": "github"
      }
    },
    "vim-syntax-extra-src": {
      "flake": false,
      "locked": {
        "lastModified": 1587879267,
        "narHash": "sha256-DEjvzVOuHZzEBxgfQn+do7thMsrrP4542V/e4XZ3rQo=",
        "owner": "justinmk",
        "repo": "vim-syntax-extra",
        "rev": "5906eeab33e1e50ebf13b6fbbb4442e22f67b2b2",
        "type": "github"
      },
      "original": {
        "owner": "justinmk",
        "repo": "vim-syntax-extra",
        "type": "github"
      }
    }
  },
  "root": "root",
  "version": 7
}
